
Microsoft Visual Studio Solution File, Format Version 12.00
# Visual Studio Version 16
VisualStudioVersion = 16.0.31613.86
MinimumVisualStudioVersion = 10.0.40219.1
Project("{FAE04EC0-301F-11D3-BF4B-00C04F79EFBC}") = "Uv2ray", "Uv2ray\Uv2ray.csproj", "{75045FE5-DC32-4F2F-A3BE-18C40CFD9F54}"
EndProject
Project("{9A19103F-16F7-4668-BE54-9A1E7A4F7556}") = "Uv2ray.Core", "Uv2ray.Core\Uv2ray.Core.csproj", "{58A52221-0645-4F4B-BC16-7019E6B72DED}"
EndProject
Global
	GlobalSection(SolutionConfigurationPlatforms) = preSolution
		Debug|Any CPU = Debug|Any CPU
		Debug|ARM = Debug|ARM
		Debug|ARM64 = Debug|ARM64
		Debug|x64 = Debug|x64
		Debug|x86 = Debug|x86
		Release|Any CPU = Release|Any CPU
		Release|ARM = Release|ARM
		Release|ARM64 = Release|ARM64
		Release|x64 = Release|x64
		Release|x86 = Release|x86
	EndGlobalSection
	GlobalSection(ProjectConfigurationPlatforms) = postSolution
		{75045FE5-DC32-4F2F-A3BE-18C40CFD9F54}.Debug|Any CPU.ActiveCfg = Debug|x86
		{75045FE5-DC32-4F2F-A3BE-18C40CFD9F54}.Debug|ARM.ActiveCfg = Debug|ARM
		{75045FE5-DC32-4F2F-A3BE-18C40CFD9F54}.Debug|ARM.Build.0 = Debug|ARM
		{75045FE5-DC32-4F2F-A3BE-18C40CFD9F54}.Debug|ARM.Deploy.0 = Debug|ARM
		{75045FE5-DC32-4F2F-A3BE-18C40CFD9F54}.Debug|ARM64.ActiveCfg = Debug|ARM64
		{75045FE5-DC32-4F2F-A3BE-18C40CFD9F54}.Debug|ARM64.Build.0 = Debug|ARM64
		{75045FE5-DC32-4F2F-A3BE-18C40CFD9F54}.Debug|ARM64.Deploy.0 = Debug|ARM64
		{75045FE5-DC32-4F2F-A3BE-18C40CFD9F54}.Debug|x64.ActiveCfg = Debug|x64
		{75045FE5-DC32-4F2F-A3BE-18C40CFD9F54}.Debug|x64.Build.0 = Debug|x64
		{75045FE5-DC32-4F2F-A3BE-18C40CFD9F54}.Debug|x64.Deploy.0 = Debug|x64
		{75045FE5-DC32-4F2F-A3BE-18C40CFD9F54}.Debug|x86.ActiveCfg = Debug|x86
		{75045FE5-DC32-4F2F-A3BE-18C40CFD9F54}.Debug|x86.Build.0 = Debug|x86
		{75045FE5-DC32-4F2F-A3BE-18C40CFD9F54}.Debug|x86.Deploy.0 = Debug|x86
		{75045FE5-DC32-4F2F-A3BE-18C40CFD9F54}.Release|Any CPU.ActiveCfg = Release|x86
		{75045FE5-DC32-4F2F-A3BE-18C40CFD9F54}.Release|ARM.ActiveCfg = Release|ARM
		{75045FE5-DC32-4F2F-A3BE-18C40CFD9F54}.Release|ARM.Build.0 = Release|ARM
		{75045FE5-DC32-4F2F-A3BE-18C40CFD9F54}.Release|ARM.Deploy.0 = Release|ARM
		{75045FE5-DC32-4F2F-A3BE-18C40CFD9F54}.Release|ARM64.ActiveCfg = Release|ARM64
		{75045FE5-DC32-4F2F-A3BE-18C40CFD9F54}.Release|ARM64.Build.0 = Release|ARM64
		{75045FE5-DC32-4F2F-A3BE-18C40CFD9F54}.Release|ARM64.Deploy.0 = Release|ARM64
		{75045FE5-DC32-4F2F-A3BE-18C40CFD9F54}.Release|x64.ActiveCfg = Release|x64
		{75045FE5-DC32-4F2F-A3BE-18C40CFD9F54}.Release|x64.Build.0 = Release|x64
		{75045FE5-DC32-4F2F-A3BE-18C40CFD9F54}.Release|x64.Deploy.0 = Release|x64
		{75045FE5-DC32-4F2F-A3BE-18C40CFD9F54}.Release|x86.ActiveCfg = Release|x86
		{75045FE5-DC32-4F2F-A3BE-18C40CFD9F54}.Release|x86.Build.0 = Release|x86
		{75045FE5-DC32-4F2F-A3BE-18C40CFD9F54}.Release|x86.Deploy.0 = Release|x86
		{58A52221-0645-4F4B-BC16-7019E6B72DED}.Debug|Any CPU.ActiveCfg = Debug|Any CPU
		{58A52221-0645-4F4B-BC16-7019E6B72DED}.Debug|Any CPU.Build.0 = Debug|Any CPU
		{58A52221-0645-4F4B-BC16-7019E6B72DED}.Debug|ARM.ActiveCfg = Debug|Any CPU
		{58A52221-0645-4F4B-BC16-7019E6B72DED}.Debug|ARM.Build.0 = Debug|Any CPU
		{58A52221-0645-4F4B-BC16-7019E6B72DED}.Debug|ARM64.ActiveCfg = Debug|Any CPU
		{58A52221-0645-4F4B-BC16-7019E6B72DED}.Debug|ARM64.Build.0 = Debug|Any CPU
		{58A52221-0645-4F4B-BC16-7019E6B72DED}.Debug|x64.ActiveCfg = Debug|Any CPU
		{58A52221-0645-4F4B-BC16-7019E6B72DED}.Debug|x64.Build.0 = Debug|Any CPU
		{58A52221-0645-4F4B-BC16-7019E6B72DED}.Debug|x86.ActiveCfg = Debug|Any CPU
		{58A52221-0645-4F4B-BC16-7019E6B72DED}.Debug|x86.Build.0 = Debug|Any CPU
		{58A52221-0645-4F4B-BC16-7019E6B72DED}.Release|Any CPU.ActiveCfg = Release|Any CPU
		{58A52221-0645-4F4B-BC16-7019E6B72DED}.Release|Any CPU.Build.0 = Release|Any CPU
		{58A52221-0645-4F4B-BC16-7019E6B72DED}.Release|ARM.ActiveCfg = Release|Any CPU
		{58A52221-0645-4F4B-BC16-7019E6B72DED}.Release|ARM.Build.0 = Release|Any CPU
		{58A52221-0645-4F4B-BC16-7019E6B72DED}.Release|ARM64.ActiveCfg = Release|Any CPU
		{58A52221-0645-4F4B-BC16-7019E6B72DED}.Release|ARM64.Build.0 = Release|Any CPU
		{58A52221-0645-4F4B-BC16-7019E6B72DED}.Release|x64.ActiveCfg = Release|Any CPU
		{58A52221-0645-4F4B-BC16-7019E6B72DED}.Release|x64.Build.0 = Release|Any CPU
		{58A52221-0645-4F4B-BC16-7019E6B72DED}.Release|x86.ActiveCfg = Release|Any CPU
		{58A52221-0645-4F4B-BC16-7019E6B72DED}.Release|x86.Build.0 = Release|Any CPU
	EndGlobalSection
	GlobalSection(SolutionProperties) = preSolution
		HideSolutionNode = FALSE
	EndGlobalSection
	GlobalSection(ExtensibilityGlobals) = postSolution
		SolutionGuid = {E2815B27-0987-43D0-9ECA-1565CEF6D4A2}
	EndGlobalSection
EndGlobal
